
Microsoft Visual Studio Solution File, Format Version 12.00
# Visual Studio 15
VisualStudioVersion = 15.0.27703.2026
MinimumVisualStudioVersion = 10.0.40219.1
Project("{9A19103F-16F7-4668-BE54-9A1E7A4F7556}") = "SFNet", "SFNet\SFNet.csproj", "{31A9A389-E112-463F-B465-221F6D1200D3}"
EndProject
Project("{9A19103F-16F7-4668-BE54-9A1E7A4F7556}") = "SFNet.Test", "..\test\SFNet.Test\SFNet.Test.csproj", "{DC36D97A-7511-404B-93FC-941B1CF17C6B}"
EndProject
Global
	GlobalSection(SolutionConfigurationPlatforms) = preSolution
		Debug|Any CPU = Debug|Any CPU
		Release|Any CPU = Release|Any CPU
	EndGlobalSection
	GlobalSection(ProjectConfigurationPlatforms) = postSolution
		{31A9A389-E112-463F-B465-221F6D1200D3}.Debug|Any CPU.ActiveCfg = Debug|Any CPU
		{31A9A389-E112-463F-B465-221F6D1200D3}.Debug|Any CPU.Build.0 = Debug|Any CPU
		{31A9A389-E112-463F-B465-221F6D1200D3}.Release|Any CPU.ActiveCfg = Release|Any CPU
		{31A9A389-E112-463F-B465-221F6D1200D3}.Release|Any CPU.Build.0 = Release|Any CPU
		{DC36D97A-7511-404B-93FC-941B1CF17C6B}.Debug|Any CPU.ActiveCfg = Debug|Any CPU
		{DC36D97A-7511-404B-93FC-941B1CF17C6B}.Debug|Any CPU.Build.0 = Debug|Any CPU
		{DC36D97A-7511-404B-93FC-941B1CF17C6B}.Release|Any CPU.ActiveCfg = Release|Any CPU
		{DC36D97A-7511-404B-93FC-941B1CF17C6B}.Release|Any CPU.Build.0 = Release|Any CPU
	EndGlobalSection
	GlobalSection(SolutionProperties) = preSolution
		HideSolutionNode = FALSE
	EndGlobalSection
	GlobalSection(ExtensibilityGlobals) = postSolution
		SolutionGuid = {49247117-2CCC-47F5-A207-7FF205597495}
	EndGlobalSection
EndGlobal
